// !$*UTF8*$!
{
	archiveVersion = 1;
	classes = {
	};
	objectVersion = 46;
	objects = {

/* Begin PBXBuildFile section */
		3723CC411BB7EB18002552D6 /* AppDelegate.swift in Sources */ = {isa = PBXBuildFile; fileRef = 3723CC401BB7EB18002552D6 /* AppDelegate.swift */; };
		3723CC461BB7EB18002552D6 /* Main.storyboard in Resources */ = {isa = PBXBuildFile; fileRef = 3723CC441BB7EB18002552D6 /* Main.storyboard */; };
		3723CC481BB7EB18002552D6 /* Assets.xcassets in Resources */ = {isa = PBXBuildFile; fileRef = 3723CC471BB7EB18002552D6 /* Assets.xcassets */; };
		3723CC4B1BB7EB18002552D6 /* LaunchScreen.storyboard in Resources */ = {isa = PBXBuildFile; fileRef = 3723CC491BB7EB18002552D6 /* LaunchScreen.storyboard */; };
		3723CC531BB7EB4C002552D6 /* FaceView.swift in Sources */ = {isa = PBXBuildFile; fileRef = 3723CC521BB7EB4C002552D6 /* FaceView.swift */; settings = {ASSET_TAGS = (); }; };
		3723CC551BB7EB74002552D6 /* HappinessViewController.swift in Sources */ = {isa = PBXBuildFile; fileRef = 3723CC541BB7EB74002552D6 /* HappinessViewController.swift */; settings = {ASSET_TAGS = (); }; };
/* End PBXBuildFile section */

/* Begin PBXFileReference section */
		3723CC3D1BB7EB18002552D6 /* Happy.app */ = {isa = PBXFileReference; explicitFileType = wrapper.application; includeInIndex = 0; path = Happy.app; sourceTree = BUILT_PRODUCTS_DIR; };
		3723CC401BB7EB18002552D6 /* AppDelegate.swift */ = {isa = PBXFileReference; lastKnownFileType = sourcecode.swift; path = AppDelegate.swift; sourceTree = "<group>"; };
		3723CC451BB7EB18002552D6 /* Base */ = {isa = PBXFileReference; lastKnownFileType = file.storyboard; name = Base; path = Base.lproj/Main.storyboard; sourceTree = "<group>"; };
		3723CC471BB7EB18002552D6 /* Assets.xcassets */ = {isa = PBXFileReference; lastKnownFileType = folder.assetcatalog; path = Assets.xcassets; sourceTree = "<group>"; };
		3723CC4A1BB7EB18002552D6 /* Base */ = {isa = PBXFileReference; lastKnownFileType = file.storyboard; name = Base; path = Base.lproj/LaunchScreen.storyboard; sourceTree = "<group>"; };
		3723CC4C1BB7EB18002552D6 /* Info.plist */ = {isa = PBXFileReference; lastKnownFileType = text.plist.xml; path = Info.plist; sourceTree = "<group>"; };
		3723CC521BB7EB4C002552D6 /* FaceView.swift */ = {isa = PBXFileReference; fileEncoding = 4; lastKnownFileType = sourcecode.swift; path = FaceView.swift; sourceTree = "<group>"; };
		3723CC541BB7EB74002552D6 /* HappinessViewController.swift */ = {isa = PBXFileReference; fileEncoding = 4; lastKnownFileType = sourcecode.swift; path = HappinessViewController.swift; sourceTree = "<group>"; };
/* End PBXFileReference section */

/* Begin PBXFrameworksBuildPhase section */
		3723CC3A1BB7EB18002552D6 /* Frameworks */ = {
			isa = PBXFrameworksBuildPhase;
			buildActionMask = 2147483647;
			files = (
			);
			runOnlyForDeploymentPostprocessing = 0;
		};
/* End PBXFrameworksBuildPhase section */

/* Begin PBXGroup section */
		3723CC341BB7EB18002552D6 = {
			isa = PBXGroup;
			children = (
				3723CC3F1BB7EB18002552D6 /* Happy */,
				3723CC3E1BB7EB18002552D6 /* Products */,
			);
			sourceTree = "<group>";
		};
		3723CC3E1BB7EB18002552D6 /* Products */ = {
			isa = PBXGroup;
			children = (
				3723CC3D1BB7EB18002552D6 /* Happy.app */,
			);
			name = Products;
			sourceTree = "<group>";
		};
		3723CC3F1BB7EB18002552D6 /* Happy */ = {
			isa = PBXGroup;
			children = (
				3723CC441BB7EB18002552D6 /* Main.storyboard */,
				3723CC521BB7EB4C002552D6 /* FaceView.swift */,
				3723CC541BB7EB74002552D6 /* HappinessViewController.swift */,
				3723CC471BB7EB18002552D6 /* Assets.xcassets */,
				3723CC401BB7EB18002552D6 /* AppDelegate.swift */,
				3723CC491BB7EB18002552D6 /* LaunchScreen.storyboard */,
				3723CC4C1BB7EB18002552D6 /* Info.plist */,
			);
			path = Happy;
			sourceTree = "<group>";
		};
/* End PBXGroup section */

/* Begin PBXNativeTarget section */
		3723CC3C1BB7EB18002552D6 /* Happy */ = {
			isa = PBXNativeTarget;
			buildConfigurationList = 3723CC4F1BB7EB18002552D6 /* Build configuration list for PBXNativeTarget "Happy" */;
			buildPhases = (
				3723CC391BB7EB18002552D6 /* Sources */,
				3723CC3A1BB7EB18002552D6 /* Frameworks */,
				3723CC3B1BB7EB18002552D6 /* Resources */,
			);
			buildRules = (
			);
			dependencies = (
			);
			name = Happy;
			productName = Happy;
			productReference = 3723CC3D1BB7EB18002552D6 /* Happy.app */;
			productType = "com.apple.product-type.application";
		};
/* End PBXNativeTarget section */

/* Begin PBXProject section */
		3723CC351BB7EB18002552D6 /* Project object */ = {
			isa = PBXProject;
			attributes = {
				LastUpgradeCheck = 0700;
				ORGANIZATIONNAME = Thongpak;
				TargetAttributes = {
					3723CC3C1BB7EB18002552D6 = {
						CreatedOnToolsVersion = 7.0;
						DevelopmentTeam = AUBG48CJZ6;
					};
				};
			};
			buildConfigurationList = 3723CC381BB7EB18002552D6 /* Build configuration list for PBXProject "Happy" */;
			compatibilityVersion = "Xcode 3.2";
			developmentRegion = English;
			hasScannedForEncodings = 0;
			knownRegions = (
				en,
				Base,
			);
			mainGroup = 3723CC341BB7EB18002552D6;
			productRefGroup = 3723CC3E1BB7EB18002552D6 /* Products */;
			projectDirPath = "";
			projectRoot = "";
			targets = (
				3723CC3C1BB7EB18002552D6 /* Happy */,
			);
		};
/* End PBXProject section */

/* Begin PBXResourcesBuildPhase section */
		3723CC3B1BB7EB18002552D6 /* Resources */ = {
			isa = PBXResourcesBuildPhase;
			buildActionMask = 2147483647;
			files = (
				3723CC4B1BB7EB18002552D6 /* LaunchScreen.storyboard in Resources */,
				3723CC481BB7EB18002552D6 /* Assets.xcassets in Resources */,
				3723CC461BB7EB18002552D6 /* Main.storyboard in Resources */,
			);
			runOnlyForDeploymentPostprocessing = 0;
		};
/* End PBXResourcesBuildPhase section */

/* Begin PBXSourcesBuildPhase section */
		3723CC391BB7EB18002552D6 /* Sources */ = {
			isa = PBXSourcesBuildPhase;
			buildActionMask = 2147483647;
			files = (
				3723CC411BB7EB18002552D6 /* AppDelegate.swift in Sources */,
				3723CC551BB7EB74002552D6 /* HappinessViewController.swift in Sources */,
				3723CC531BB7EB4C002552D6 /* FaceView.swift in Sources */,
			);
			runOnlyForDeploymentPostprocessing = 0;
		};
/* End PBXSourcesBuildPhase section */

/* Begin PBXVariantGroup section */
		3723CC441BB7EB18002552D6 /* Main.storyboard */ = {
			isa = PBXVariantGroup;
			children = (
				3723CC451BB7EB18002552D6 /* Base */,
			);
			name = Main.storyboard;
			sourceTree = "<group>";
		};
		3723CC491BB7EB18002552D6 /* LaunchScreen.storyboard */ = {
			isa = PBXVariantGroup;
			children = (
				3723CC4A1BB7EB18002552D6 /* Base */,
			);
			name = LaunchScreen.storyboard;
			sourceTree = "<group>";
		};
/* End PBXVariantGroup section */

/* Begin XCBuildConfiguration section */
		3723CC4D1BB7EB18002552D6 /* Debug */ = {
			isa = XCBuildConfiguration;
			buildSettings = {
				ALWAYS_SEARCH_USER_PATHS = NO;
				CLANG_CXX_LANGUAGE_STANDARD = "gnu++0x";
				CLANG_CXX_LIBRARY = "libc++";
				CLANG_ENABLE_MODULES = YES;
				CLANG_ENABLE_OBJC_ARC = YES;
				CLANG_WARN_BOOL_CONVERSION = YES;
				CLANG_WARN_CONSTANT_CONVERSION = YES;
				CLANG_WARN_DIRECT_OBJC_ISA_USAGE = YES_ERROR;
				CLANG_WARN_EMPTY_BODY = YES;
				CLANG_WARN_ENUM_CONVERSION = YES;
				CLANG_WARN_INT_CONVERSION = YES;
				CLANG_WARN_OBJC_ROOT_CLASS = YES_ERROR;
				CLANG_WARN_UNREACHABLE_CODE = YES;
				CLANG_WARN__DUPLICATE_METHOD_MATCH = YES;
				"CODE_SIGN_IDENTITY[sdk=iphoneos*]" = "iPhone Developer";
				COPY_PHASE_STRIP = NO;
				DEBUG_INFORMATION_FORMAT = dwarf;
				ENABLE_STRICT_OBJC_MSGSEND = YES;
				ENABLE_TESTABILITY = YES;
				GCC_C_LANGUAGE_STANDARD = gnu99;
				GCC_DYNAMIC_NO_PIC = NO;
				GCC_NO_COMMON_BLOCKS = YES;
				GCC_OPTIMIZATION_LEVEL = 0;
				GCC_PREPROCESSOR_DEFINITIONS = (
					"DEBUG=1",
					"$(inherited)",
				);
				GCC_WARN_64_TO_32_BIT_CONVERSION = YES;
				GCC_WARN_ABOUT_RETURN_TYPE = YES_ERROR;
				GCC_WARN_UNDECLARED_SELECTOR = YES;
				GCC_WARN_UNINITIALIZED_AUTOS = YES_AGGRESSIVE;
				GCC_WARN_UNUSED_FUNCTION = YES;
				GCC_WARN_UNUSED_VARIABLE = YES;
				IPHONEOS_DEPLOYMENT_TARGET = 9.0;
				MTL_ENABLE_DEBUG_INFO = YES;
				ONLY_ACTIVE_ARCH = YES;
				SDKROOT = iphoneos;
				SWIFT_OPTIMIZATION_LEVEL = "-Onone";
			};
			name = Debug;
		};
		3723CC4E1BB7EB18002552D6 /* Release */ = {
			isa = XCBuildConfiguration;
			buildSettings = {
				ALWAYS_SEARCH_USER_PATHS = NO;
				CLANG_CXX_LANGUAGE_STANDARD = "gnu++0x";
				CLANG_CXX_LIBRARY = "libc++";
				CLANG_ENABLE_MODULES = YES;
				CLANG_ENABLE_OBJC_ARC = YES;
				CLANG_WARN_BOOL_CONVERSION = YES;
				CLANG_WARN_CONSTANT_CONVERSION = YES;
				CLANG_WARN_DIRECT_OBJC_ISA_USAGE = YES_ERROR;
				CLANG_WARN_EMPTY_BODY = YES;
				CLANG_WARN_ENUM_CONVERSION = YES;
				CLANG_WARN_INT_CONVERSION = YES;
				CLANG_WARN_OBJC_ROOT_CLASS = YES_ERROR;
				CLANG_WARN_UNREACHABLE_CODE = YES;
				CLANG_WARN__DUPLICATE_METHOD_MATCH = YES;
				"CODE_SIGN_IDENTITY[sdk=iphoneos*]" = "iPhone Developer";
				COPY_PHASE_STRIP = NO;
				DEBUG_INFORMATION_FORMAT = "dwarf-with-dsym";
				ENABLE_NS_ASSERTIONS = NO;
				ENABLE_STRICT_OBJC_MSGSEND = YES;
				GCC_C_LANGUAGE_STANDARD = gnu99;
				GCC_NO_COMMON_BLOCKS = YES;
				GCC_WARN_64_TO_32_BIT_CONVERSION = YES;
				GCC_WARN_ABOUT_RETURN_TYPE = YES_ERROR;
				GCC_WARN_UNDECLARED_SELECTOR = YES;
				GCC_WARN_UNINITIALIZED_AUTOS = YES_AGGRESSIVE;
				GCC_WARN_UNUSED_FUNCTION = YES;
				GCC_WARN_UNUSED_VARIABLE = YES;
				IPHONEOS_DEPLOYMENT_TARGET = 9.0;
				MTL_ENABLE_DEBUG_INFO = NO;
				SDKROOT = iphoneos;
				VALIDATE_PRODUCT = YES;
			};
			name = Release;
		};
		3723CC501BB7EB18002552D6 /* Debug */ = {
			isa = XCBuildConfiguration;
			buildSettings = {
				ASSETCATALOG_COMPILER_APPICON_NAME = AppIcon;
				INFOPLIST_FILE = Happy/Info.plist;
				LD_RUNPATH_SEARCH_PATHS = "$(inherited) @executable_path/Frameworks";
				PRODUCT_BUNDLE_IDENTIFIER = gim.Happy;
				PRODUCT_NAME = "$(TARGET_NAME)";
			};
			name = Debug;
		};
		3723CC511BB7EB18002552D6 /* Release */ = {
			isa = XCBuildConfiguration;
			buildSettings = {
				ASSETCATALOG_COMPILER_APPICON_NAME = AppIcon;
				INFOPLIST_FILE = Happy/Info.plist;
				LD_RUNPATH_SEARCH_PATHS = "$(inherited) @executable_path/Frameworks";
				PRODUCT_BUNDLE_IDENTIFIER = gim.Happy;
				PRODUCT_NAME = "$(TARGET_NAME)";
			};
			name = Release;
		};
/* End XCBuildConfiguration section */

/* Begin XCConfigurationList section */
		3723CC381BB7EB18002552D6 /* Build configuration list for PBXProject "Happy" */ = {
			isa = XCConfigurationList;
			buildConfigurations = (
				3723CC4D1BB7EB18002552D6 /* Debug */,
				3723CC4E1BB7EB18002552D6 /* Release */,
			);
			defaultConfigurationIsVisible = 0;
			defaultConfigurationName = Release;
		};
		3723CC4F1BB7EB18002552D6 /* Build configuration list for PBXNativeTarget "Happy" */ = {
			isa = XCConfigurationList;
			buildConfigurations = (
				3723CC501BB7EB18002552D6 /* Debug */,
				3723CC511BB7EB18002552D6 /* Release */,
			);
			defaultConfigurationIsVisible = 0;
		};
/* End XCConfigurationList section */
	};
	rootObject = 3723CC351BB7EB18002552D6 /* Project object */;
}
