PODS:
  - Alamofire (3.4.0)
  - AlamofireImage (2.4.0):
    - Alamofire (~> 3.3)
  - CarbonKit (2.1.8)
  - IQKeyboardManagerSwift (4.0.3)
  - MBProgressHUD (0.9.2)
  - RAMAnimatedTabBarController (1.0.9)
  - SDWebImage (3.8.1):
    - SDWebImage/Core (= 3.8.1)
  - SDWebImage/Core (3.8.1)
  - SwiftyJSON (2.3.2)
  - UIScrollView-InfiniteScroll (0.7.3)

DEPENDENCIES:
  - Alamofire (~> 3.0)
  - AlamofireImage (~> 2.0)
  - CarbonKit (~> 2.1)
  - IQKeyboardManagerSwift
  - MBProgressHUD (~> 0.9.2)
  - RAMAnimatedTabBarController (~> 1.0.6)
  - SDWebImage (~> 3.7)
  - SwiftyJSON (from `https://github.com/SwiftyJSON/SwiftyJSON.git`)
  - UIScrollView-InfiniteScroll

EXTERNAL SOURCES:
  SwiftyJSON:
    :git: https://github.com/SwiftyJSON/SwiftyJSON.git

CHECKOUT OPTIONS:
  SwiftyJSON:
    :commit: 2a5b70f06001316d4fb54501edc70b4084705da0
    :git: https://github.com/SwiftyJSON/SwiftyJSON.git

SPEC CHECKSUMS:
  Alamofire: c19a627cefd6a95f840401c49ab1f124e07f54ee
  AlamofireImage: 87408b652e0f5ae5fe364035f15aea8b9b24c77e
  CarbonKit: 95d78a09889cc05e36537dd08ec5d73dd55edba4
  IQKeyboardManagerSwift: b6883b720b0e76473692fdc80828442566e1075f
  MBProgressHUD: 1569cf7ace17a8bac47aabfbb8580a49690386d1
  RAMAnimatedTabBarController: a45ddb56afd08502a1247613d7ad32bfd49fa294
  SDWebImage: 35f9627a3e44b4f292a8a8ce6a531fa488239b91
  SwiftyJSON: 04ccea08915aa0109039157c7974cf0298da292a
  UIScrollView-InfiniteScroll: b6c7d6d155dca7f9c5dd43813ecffeb301b3d50c

COCOAPODS: 0.39.0
