// !$*UTF8*$!
{
	archiveVersion = 1;
	classes = {
	};
	objectVersion = 46;
	objects = {

/* Begin PBXBuildFile section */
		3790AF7E1BC136B300CDEA1E /* AppDelegate.swift in Sources */ = {isa = PBXBuildFile; fileRef = 3790AF7D1BC136B300CDEA1E /* AppDelegate.swift */; };
		3790AF801BC136B300CDEA1E /* PsychologistViewController.swift in Sources */ = {isa = PBXBuildFile; fileRef = 3790AF7F1BC136B300CDEA1E /* PsychologistViewController.swift */; };
		3790AF831BC136B300CDEA1E /* Main.storyboard in Resources */ = {isa = PBXBuildFile; fileRef = 3790AF811BC136B300CDEA1E /* Main.storyboard */; };
		3790AF851BC136B300CDEA1E /* Assets.xcassets in Resources */ = {isa = PBXBuildFile; fileRef = 3790AF841BC136B300CDEA1E /* Assets.xcassets */; };
		3790AF881BC136B300CDEA1E /* LaunchScreen.storyboard in Resources */ = {isa = PBXBuildFile; fileRef = 3790AF861BC136B300CDEA1E /* LaunchScreen.storyboard */; };
		3790AF911BC13D3900CDEA1E /* FaceView.swift in Sources */ = {isa = PBXBuildFile; fileRef = 3790AF8F1BC13D3900CDEA1E /* FaceView.swift */; settings = {ASSET_TAGS = (); }; };
		3790AF921BC13D3900CDEA1E /* HappinessViewController.swift in Sources */ = {isa = PBXBuildFile; fileRef = 3790AF901BC13D3900CDEA1E /* HappinessViewController.swift */; settings = {ASSET_TAGS = (); }; };
/* End PBXBuildFile section */

/* Begin PBXFileReference section */
		3790AF7A1BC136B300CDEA1E /* Psychologist.app */ = {isa = PBXFileReference; explicitFileType = wrapper.application; includeInIndex = 0; path = Psychologist.app; sourceTree = BUILT_PRODUCTS_DIR; };
		3790AF7D1BC136B300CDEA1E /* AppDelegate.swift */ = {isa = PBXFileReference; lastKnownFileType = sourcecode.swift; path = AppDelegate.swift; sourceTree = "<group>"; };
		3790AF7F1BC136B300CDEA1E /* PsychologistViewController.swift */ = {isa = PBXFileReference; lastKnownFileType = sourcecode.swift; path = PsychologistViewController.swift; sourceTree = "<group>"; };
		3790AF821BC136B300CDEA1E /* Base */ = {isa = PBXFileReference; lastKnownFileType = file.storyboard; name = Base; path = Base.lproj/Main.storyboard; sourceTree = "<group>"; };
		3790AF841BC136B300CDEA1E /* Assets.xcassets */ = {isa = PBXFileReference; lastKnownFileType = folder.assetcatalog; path = Assets.xcassets; sourceTree = "<group>"; };
		3790AF871BC136B300CDEA1E /* Base */ = {isa = PBXFileReference; lastKnownFileType = file.storyboard; name = Base; path = Base.lproj/LaunchScreen.storyboard; sourceTree = "<group>"; };
		3790AF891BC136B300CDEA1E /* Info.plist */ = {isa = PBXFileReference; lastKnownFileType = text.plist.xml; path = Info.plist; sourceTree = "<group>"; };
		3790AF8F1BC13D3900CDEA1E /* FaceView.swift */ = {isa = PBXFileReference; fileEncoding = 4; lastKnownFileType = sourcecode.swift; path = FaceView.swift; sourceTree = "<group>"; };
		3790AF901BC13D3900CDEA1E /* HappinessViewController.swift */ = {isa = PBXFileReference; fileEncoding = 4; lastKnownFileType = sourcecode.swift; path = HappinessViewController.swift; sourceTree = "<group>"; };
/* End PBXFileReference section */

/* Begin PBXFrameworksBuildPhase section */
		3790AF771BC136B300CDEA1E /* Frameworks */ = {
			isa = PBXFrameworksBuildPhase;
			buildActionMask = 2147483647;
			files = (
			);
			runOnlyForDeploymentPostprocessing = 0;
		};
/* End PBXFrameworksBuildPhase section */

/* Begin PBXGroup section */
		3790AF711BC136B300CDEA1E = {
			isa = PBXGroup;
			children = (
				3790AF7C1BC136B300CDEA1E /* Psychologist */,
				3790AF7B1BC136B300CDEA1E /* Products */,
			);
			sourceTree = "<group>";
		};
		3790AF7B1BC136B300CDEA1E /* Products */ = {
			isa = PBXGroup;
			children = (
				3790AF7A1BC136B300CDEA1E /* Psychologist.app */,
			);
			name = Products;
			sourceTree = "<group>";
		};
		3790AF7C1BC136B300CDEA1E /* Psychologist */ = {
			isa = PBXGroup;
			children = (
				3790AF8F1BC13D3900CDEA1E /* FaceView.swift */,
				3790AF901BC13D3900CDEA1E /* HappinessViewController.swift */,
				3790AF7F1BC136B300CDEA1E /* PsychologistViewController.swift */,
				3790AF811BC136B300CDEA1E /* Main.storyboard */,
				3790AF841BC136B300CDEA1E /* Assets.xcassets */,
				3790AF7D1BC136B300CDEA1E /* AppDelegate.swift */,
				3790AF861BC136B300CDEA1E /* LaunchScreen.storyboard */,
				3790AF891BC136B300CDEA1E /* Info.plist */,
			);
			path = Psychologist;
			sourceTree = "<group>";
		};
/* End PBXGroup section */

/* Begin PBXNativeTarget section */
		3790AF791BC136B300CDEA1E /* Psychologist */ = {
			isa = PBXNativeTarget;
			buildConfigurationList = 3790AF8C1BC136B300CDEA1E /* Build configuration list for PBXNativeTarget "Psychologist" */;
			buildPhases = (
				3790AF761BC136B300CDEA1E /* Sources */,
				3790AF771BC136B300CDEA1E /* Frameworks */,
				3790AF781BC136B300CDEA1E /* Resources */,
			);
			buildRules = (
			);
			dependencies = (
			);
			name = Psychologist;
			productName = Psychologist;
			productReference = 3790AF7A1BC136B300CDEA1E /* Psychologist.app */;
			productType = "com.apple.product-type.application";
		};
/* End PBXNativeTarget section */

/* Begin PBXProject section */
		3790AF721BC136B300CDEA1E /* Project object */ = {
			isa = PBXProject;
			attributes = {
				LastUpgradeCheck = 0700;
				ORGANIZATIONNAME = Thongpak;
				TargetAttributes = {
					3790AF791BC136B300CDEA1E = {
						CreatedOnToolsVersion = 7.0.1;
						DevelopmentTeam = AUBG48CJZ6;
					};
				};
			};
			buildConfigurationList = 3790AF751BC136B300CDEA1E /* Build configuration list for PBXProject "Psychologist" */;
			compatibilityVersion = "Xcode 3.2";
			developmentRegion = English;
			hasScannedForEncodings = 0;
			knownRegions = (
				en,
				Base,
			);
			mainGroup = 3790AF711BC136B300CDEA1E;
			productRefGroup = 3790AF7B1BC136B300CDEA1E /* Products */;
			projectDirPath = "";
			projectRoot = "";
			targets = (
				3790AF791BC136B300CDEA1E /* Psychologist */,
			);
		};
/* End PBXProject section */

/* Begin PBXResourcesBuildPhase section */
		3790AF781BC136B300CDEA1E /* Resources */ = {
			isa = PBXResourcesBuildPhase;
			buildActionMask = 2147483647;
			files = (
				3790AF881BC136B300CDEA1E /* LaunchScreen.storyboard in Resources */,
				3790AF851BC136B300CDEA1E /* Assets.xcassets in Resources */,
				3790AF831BC136B300CDEA1E /* Main.storyboard in Resources */,
			);
			runOnlyForDeploymentPostprocessing = 0;
		};
/* End PBXResourcesBuildPhase section */

/* Begin PBXSourcesBuildPhase section */
		3790AF761BC136B300CDEA1E /* Sources */ = {
			isa = PBXSourcesBuildPhase;
			buildActionMask = 2147483647;
			files = (
				3790AF801BC136B300CDEA1E /* PsychologistViewController.swift in Sources */,
				3790AF7E1BC136B300CDEA1E /* AppDelegate.swift in Sources */,
				3790AF921BC13D3900CDEA1E /* HappinessViewController.swift in Sources */,
				3790AF911BC13D3900CDEA1E /* FaceView.swift in Sources */,
			);
			runOnlyForDeploymentPostprocessing = 0;
		};
/* End PBXSourcesBuildPhase section */

/* Begin PBXVariantGroup section */
		3790AF811BC136B300CDEA1E /* Main.storyboard */ = {
			isa = PBXVariantGroup;
			children = (
				3790AF821BC136B300CDEA1E /* Base */,
			);
			name = Main.storyboard;
			sourceTree = "<group>";
		};
		3790AF861BC136B300CDEA1E /* LaunchScreen.storyboard */ = {
			isa = PBXVariantGroup;
			children = (
				3790AF871BC136B300CDEA1E /* Base */,
			);
			name = LaunchScreen.storyboard;
			sourceTree = "<group>";
		};
/* End PBXVariantGroup section */

/* Begin XCBuildConfiguration section */
		3790AF8A1BC136B300CDEA1E /* Debug */ = {
			isa = XCBuildConfiguration;
			buildSettings = {
				ALWAYS_SEARCH_USER_PATHS = NO;
				CLANG_CXX_LANGUAGE_STANDARD = "gnu++0x";
				CLANG_CXX_LIBRARY = "libc++";
				CLANG_ENABLE_MODULES = YES;
				CLANG_ENABLE_OBJC_ARC = YES;
				CLANG_WARN_BOOL_CONVERSION = YES;
				CLANG_WARN_CONSTANT_CONVERSION = YES;
				CLANG_WARN_DIRECT_OBJC_ISA_USAGE = YES_ERROR;
				CLANG_WARN_EMPTY_BODY = YES;
				CLANG_WARN_ENUM_CONVERSION = YES;
				CLANG_WARN_INT_CONVERSION = YES;
				CLANG_WARN_OBJC_ROOT_CLASS = YES_ERROR;
				CLANG_WARN_UNREACHABLE_CODE = YES;
				CLANG_WARN__DUPLICATE_METHOD_MATCH = YES;
				"CODE_SIGN_IDENTITY[sdk=iphoneos*]" = "iPhone Developer";
				COPY_PHASE_STRIP = NO;
				DEBUG_INFORMATION_FORMAT = dwarf;
				ENABLE_STRICT_OBJC_MSGSEND = YES;
				ENABLE_TESTABILITY = YES;
				GCC_C_LANGUAGE_STANDARD = gnu99;
				GCC_DYNAMIC_NO_PIC = NO;
				GCC_NO_COMMON_BLOCKS = YES;
				GCC_OPTIMIZATION_LEVEL = 0;
				GCC_PREPROCESSOR_DEFINITIONS = (
					"DEBUG=1",
					"$(inherited)",
				);
				GCC_WARN_64_TO_32_BIT_CONVERSION = YES;
				GCC_WARN_ABOUT_RETURN_TYPE = YES_ERROR;
				GCC_WARN_UNDECLARED_SELECTOR = YES;
				GCC_WARN_UNINITIALIZED_AUTOS = YES_AGGRESSIVE;
				GCC_WARN_UNUSED_FUNCTION = YES;
				GCC_WARN_UNUSED_VARIABLE = YES;
				IPHONEOS_DEPLOYMENT_TARGET = 9.0;
				MTL_ENABLE_DEBUG_INFO = YES;
				ONLY_ACTIVE_ARCH = YES;
				SDKROOT = iphoneos;
				SWIFT_OPTIMIZATION_LEVEL = "-Onone";
			};
			name = Debug;
		};
		3790AF8B1BC136B300CDEA1E /* Release */ = {
			isa = XCBuildConfiguration;
			buildSettings = {
				ALWAYS_SEARCH_USER_PATHS = NO;
				CLANG_CXX_LANGUAGE_STANDARD = "gnu++0x";
				CLANG_CXX_LIBRARY = "libc++";
				CLANG_ENABLE_MODULES = YES;
				CLANG_ENABLE_OBJC_ARC = YES;
				CLANG_WARN_BOOL_CONVERSION = YES;
				CLANG_WARN_CONSTANT_CONVERSION = YES;
				CLANG_WARN_DIRECT_OBJC_ISA_USAGE = YES_ERROR;
				CLANG_WARN_EMPTY_BODY = YES;
				CLANG_WARN_ENUM_CONVERSION = YES;
				CLANG_WARN_INT_CONVERSION = YES;
				CLANG_WARN_OBJC_ROOT_CLASS = YES_ERROR;
				CLANG_WARN_UNREACHABLE_CODE = YES;
				CLANG_WARN__DUPLICATE_METHOD_MATCH = YES;
				"CODE_SIGN_IDENTITY[sdk=iphoneos*]" = "iPhone Developer";
				COPY_PHASE_STRIP = NO;
				DEBUG_INFORMATION_FORMAT = "dwarf-with-dsym";
				ENABLE_NS_ASSERTIONS = NO;
				ENABLE_STRICT_OBJC_MSGSEND = YES;
				GCC_C_LANGUAGE_STANDARD = gnu99;
				GCC_NO_COMMON_BLOCKS = YES;
				GCC_WARN_64_TO_32_BIT_CONVERSION = YES;
				GCC_WARN_ABOUT_RETURN_TYPE = YES_ERROR;
				GCC_WARN_UNDECLARED_SELECTOR = YES;
				GCC_WARN_UNINITIALIZED_AUTOS = YES_AGGRESSIVE;
				GCC_WARN_UNUSED_FUNCTION = YES;
				GCC_WARN_UNUSED_VARIABLE = YES;
				IPHONEOS_DEPLOYMENT_TARGET = 9.0;
				MTL_ENABLE_DEBUG_INFO = NO;
				SDKROOT = iphoneos;
				VALIDATE_PRODUCT = YES;
			};
			name = Release;
		};
		3790AF8D1BC136B300CDEA1E /* Debug */ = {
			isa = XCBuildConfiguration;
			buildSettings = {
				ASSETCATALOG_COMPILER_APPICON_NAME = AppIcon;
				INFOPLIST_FILE = Psychologist/Info.plist;
				LD_RUNPATH_SEARCH_PATHS = "$(inherited) @executable_path/Frameworks";
				PRODUCT_BUNDLE_IDENTIFIER = gim.Psychologist;
				PRODUCT_NAME = "$(TARGET_NAME)";
			};
			name = Debug;
		};
		3790AF8E1BC136B300CDEA1E /* Release */ = {
			isa = XCBuildConfiguration;
			buildSettings = {
				ASSETCATALOG_COMPILER_APPICON_NAME = AppIcon;
				INFOPLIST_FILE = Psychologist/Info.plist;
				LD_RUNPATH_SEARCH_PATHS = "$(inherited) @executable_path/Frameworks";
				PRODUCT_BUNDLE_IDENTIFIER = gim.Psychologist;
				PRODUCT_NAME = "$(TARGET_NAME)";
			};
			name = Release;
		};
/* End XCBuildConfiguration section */

/* Begin XCConfigurationList section */
		3790AF751BC136B300CDEA1E /* Build configuration list for PBXProject "Psychologist" */ = {
			isa = XCConfigurationList;
			buildConfigurations = (
				3790AF8A1BC136B300CDEA1E /* Debug */,
				3790AF8B1BC136B300CDEA1E /* Release */,
			);
			defaultConfigurationIsVisible = 0;
			defaultConfigurationName = Release;
		};
		3790AF8C1BC136B300CDEA1E /* Build configuration list for PBXNativeTarget "Psychologist" */ = {
			isa = XCConfigurationList;
			buildConfigurations = (
				3790AF8D1BC136B300CDEA1E /* Debug */,
				3790AF8E1BC136B300CDEA1E /* Release */,
			);
			defaultConfigurationIsVisible = 0;
		};
/* End XCConfigurationList section */
	};
	rootObject = 3790AF721BC136B300CDEA1E /* Project object */;
}
